
Microsoft Visual Studio Solution File, Format Version 12.00
# Visual Studio Version 17
VisualStudioVersion = 17.3.32825.248
MinimumVisualStudioVersion = 10.0.40219.1
Project("{FAE04EC0-301F-11D3-BF4B-00C04F79EFBC}") = "Water_Management", "Water_Management\Water_Management.csproj", "{2220CEE6-1571-4D8F-9272-E9308C30231C}"
EndProject
Global
	GlobalSection(SolutionConfigurationPlatforms) = preSolution
		Debug|Any CPU = Debug|Any CPU
		Release|Any CPU = Release|Any CPU
	EndGlobalSection
	GlobalSection(ProjectConfigurationPlatforms) = postSolution
		{2220CEE6-1571-4D8F-9272-E9308C30231C}.Debug|Any CPU.ActiveCfg = Debug|Any CPU
		{2220CEE6-1571-4D8F-9272-E9308C30231C}.Debug|Any CPU.Build.0 = Debug|Any CPU
		{2220CEE6-1571-4D8F-9272-E9308C30231C}.Release|Any CPU.ActiveCfg = Release|Any CPU
		{2220CEE6-1571-4D8F-9272-E9308C30231C}.Release|Any CPU.Build.0 = Release|Any CPU
	EndGlobalSection
	GlobalSection(SolutionProperties) = preSolution
		HideSolutionNode = FALSE
	EndGlobalSection
	GlobalSection(ExtensibilityGlobals) = postSolution
		SolutionGuid = {781F2D05-7246-43DD-8329-3010DE034999}
	EndGlobalSection
EndGlobal
